// !$*UTF8*$!
{
	archiveVersion = 1;
	classes = {
	};
	objectVersion = 46;
	objects = {

/* Begin PBXBuildFile section */
		657EF86E1EC37D870076ECA8 /* AppDelegate.swift in Sources */ = {isa = PBXBuildFile; fileRef = 657EF86D1EC37D870076ECA8 /* AppDelegate.swift */; };
		657EF8701EC37D870076ECA8 /* ViewController.swift in Sources */ = {isa = PBXBuildFile; fileRef = 657EF86F1EC37D870076ECA8 /* ViewController.swift */; };
		657EF8731EC37D870076ECA8 /* Main.storyboard in Resources */ = {isa = PBXBuildFile; fileRef = 657EF8711EC37D870076ECA8 /* Main.storyboard */; };
		657EF8751EC37D870076ECA8 /* Assets.xcassets in Resources */ = {isa = PBXBuildFile; fileRef = 657EF8741EC37D870076ECA8 /* Assets.xcassets */; };
		657EF8781EC37D870076ECA8 /* LaunchScreen.storyboard in Resources */ = {isa = PBXBuildFile; fileRef = 657EF8761EC37D870076ECA8 /* LaunchScreen.storyboard */; };
		657EF8821EC479530076ECA8 /* ViewController2.swift in Sources */ = {isa = PBXBuildFile; fileRef = 657EF8811EC479530076ECA8 /* ViewController2.swift */; };
/* End PBXBuildFile section */

/* Begin PBXFileReference section */
		657EF86A1EC37D870076ECA8 /* Two-View App.app */ = {isa = PBXFileReference; explicitFileType = wrapper.application; includeInIndex = 0; path = "Two-View App.app"; sourceTree = BUILT_PRODUCTS_DIR; };
		657EF86D1EC37D870076ECA8 /* AppDelegate.swift */ = {isa = PBXFileReference; lastKnownFileType = sourcecode.swift; path = AppDelegate.swift; sourceTree = "<group>"; };
		657EF86F1EC37D870076ECA8 /* ViewController.swift */ = {isa = PBXFileReference; lastKnownFileType = sourcecode.swift; path = ViewController.swift; sourceTree = "<group>"; };
		657EF8721EC37D870076ECA8 /* Base */ = {isa = PBXFileReference; lastKnownFileType = file.storyboard; name = Base; path = Base.lproj/Main.storyboard; sourceTree = "<group>"; };
		657EF8741EC37D870076ECA8 /* Assets.xcassets */ = {isa = PBXFileReference; lastKnownFileType = folder.assetcatalog; path = Assets.xcassets; sourceTree = "<group>"; };
		657EF8771EC37D870076ECA8 /* Base */ = {isa = PBXFileReference; lastKnownFileType = file.storyboard; name = Base; path = Base.lproj/LaunchScreen.storyboard; sourceTree = "<group>"; };
		657EF8791EC37D870076ECA8 /* Info.plist */ = {isa = PBXFileReference; lastKnownFileType = text.plist.xml; path = Info.plist; sourceTree = "<group>"; };
		657EF8811EC479530076ECA8 /* ViewController2.swift */ = {isa = PBXFileReference; fileEncoding = 4; lastKnownFileType = sourcecode.swift; path = ViewController2.swift; sourceTree = "<group>"; };
/* End PBXFileReference section */

/* Begin PBXFrameworksBuildPhase section */
		657EF8671EC37D870076ECA8 /* Frameworks */ = {
			isa = PBXFrameworksBuildPhase;
			buildActionMask = 2147483647;
			files = (
			);
			runOnlyForDeploymentPostprocessing = 0;
		};
/* End PBXFrameworksBuildPhase section */

/* Begin PBXGroup section */
		657EF8611EC37D860076ECA8 = {
			isa = PBXGroup;
			children = (
				657EF86C1EC37D870076ECA8 /* Two-View App */,
				657EF86B1EC37D870076ECA8 /* Products */,
			);
			sourceTree = "<group>";
		};
		657EF86B1EC37D870076ECA8 /* Products */ = {
			isa = PBXGroup;
			children = (
				657EF86A1EC37D870076ECA8 /* Two-View App.app */,
			);
			name = Products;
			sourceTree = "<group>";
		};
		657EF86C1EC37D870076ECA8 /* Two-View App */ = {
			isa = PBXGroup;
			children = (
				657EF86D1EC37D870076ECA8 /* AppDelegate.swift */,
				657EF86F1EC37D870076ECA8 /* ViewController.swift */,
				657EF8711EC37D870076ECA8 /* Main.storyboard */,
				657EF8811EC479530076ECA8 /* ViewController2.swift */,
				657EF8741EC37D870076ECA8 /* Assets.xcassets */,
				657EF8761EC37D870076ECA8 /* LaunchScreen.storyboard */,
				657EF8791EC37D870076ECA8 /* Info.plist */,
			);
			path = "Two-View App";
			sourceTree = "<group>";
		};
/* End PBXGroup section */

/* Begin PBXNativeTarget section */
		657EF8691EC37D870076ECA8 /* Two-View App */ = {
			isa = PBXNativeTarget;
			buildConfigurationList = 657EF87C1EC37D870076ECA8 /* Build configuration list for PBXNativeTarget "Two-View App" */;
			buildPhases = (
				657EF8661EC37D870076ECA8 /* Sources */,
				657EF8671EC37D870076ECA8 /* Frameworks */,
				657EF8681EC37D870076ECA8 /* Resources */,
			);
			buildRules = (
			);
			dependencies = (
			);
			name = "Two-View App";
			productName = "Two-View App";
			productReference = 657EF86A1EC37D870076ECA8 /* Two-View App.app */;
			productType = "com.apple.product-type.application";
		};
/* End PBXNativeTarget section */

/* Begin PBXProject section */
		657EF8621EC37D860076ECA8 /* Project object */ = {
			isa = PBXProject;
			attributes = {
				LastSwiftUpdateCheck = 0820;
				LastUpgradeCheck = 0820;
				ORGANIZATIONNAME = "Tommy Glasser";
				TargetAttributes = {
					657EF8691EC37D870076ECA8 = {
						CreatedOnToolsVersion = 8.2.1;
						ProvisioningStyle = Automatic;
					};
				};
			};
			buildConfigurationList = 657EF8651EC37D860076ECA8 /* Build configuration list for PBXProject "Two-View App" */;
			compatibilityVersion = "Xcode 3.2";
			developmentRegion = English;
			hasScannedForEncodings = 0;
			knownRegions = (
				en,
				Base,
			);
			mainGroup = 657EF8611EC37D860076ECA8;
			productRefGroup = 657EF86B1EC37D870076ECA8 /* Products */;
			projectDirPath = "";
			projectRoot = "";
			targets = (
				657EF8691EC37D870076ECA8 /* Two-View App */,
			);
		};
/* End PBXProject section */

/* Begin PBXResourcesBuildPhase section */
		657EF8681EC37D870076ECA8 /* Resources */ = {
			isa = PBXResourcesBuildPhase;
			buildActionMask = 2147483647;
			files = (
				657EF8781EC37D870076ECA8 /* LaunchScreen.storyboard in Resources */,
				657EF8751EC37D870076ECA8 /* Assets.xcassets in Resources */,
				657EF8731EC37D870076ECA8 /* Main.storyboard in Resources */,
			);
			runOnlyForDeploymentPostprocessing = 0;
		};
/* End PBXResourcesBuildPhase section */

/* Begin PBXSourcesBuildPhase section */
		657EF8661EC37D870076ECA8 /* Sources */ = {
			isa = PBXSourcesBuildPhase;
			buildActionMask = 2147483647;
			files = (
				657EF8701EC37D870076ECA8 /* ViewController.swift in Sources */,
				657EF86E1EC37D870076ECA8 /* AppDelegate.swift in Sources */,
				657EF8821EC479530076ECA8 /* ViewController2.swift in Sources */,
			);
			runOnlyForDeploymentPostprocessing = 0;
		};
/* End PBXSourcesBuildPhase section */

/* Begin PBXVariantGroup section */
		657EF8711EC37D870076ECA8 /* Main.storyboard */ = {
			isa = PBXVariantGroup;
			children = (
				657EF8721EC37D870076ECA8 /* Base */,
			);
			name = Main.storyboard;
			sourceTree = "<group>";
		};
		657EF8761EC37D870076ECA8 /* LaunchScreen.storyboard */ = {
			isa = PBXVariantGroup;
			children = (
				657EF8771EC37D870076ECA8 /* Base */,
			);
			name = LaunchScreen.storyboard;
			sourceTree = "<group>";
		};
/* End PBXVariantGroup section */

/* Begin XCBuildConfiguration section */
		657EF87A1EC37D870076ECA8 /* Debug */ = {
			isa = XCBuildConfiguration;
			buildSettings = {
				ALWAYS_SEARCH_USER_PATHS = NO;
				CLANG_ANALYZER_NONNULL = YES;
				CLANG_CXX_LANGUAGE_STANDARD = "gnu++0x";
				CLANG_CXX_LIBRARY = "libc++";
				CLANG_ENABLE_MODULES = YES;
				CLANG_ENABLE_OBJC_ARC = YES;
				CLANG_WARN_BOOL_CONVERSION = YES;
				CLANG_WARN_CONSTANT_CONVERSION = YES;
				CLANG_WARN_DIRECT_OBJC_ISA_USAGE = YES_ERROR;
				CLANG_WARN_DOCUMENTATION_COMMENTS = YES;
				CLANG_WARN_EMPTY_BODY = YES;
				CLANG_WARN_ENUM_CONVERSION = YES;
				CLANG_WARN_INFINITE_RECURSION = YES;
				CLANG_WARN_INT_CONVERSION = YES;
				CLANG_WARN_OBJC_ROOT_CLASS = YES_ERROR;
				CLANG_WARN_SUSPICIOUS_MOVE = YES;
				CLANG_WARN_UNREACHABLE_CODE = YES;
				CLANG_WARN__DUPLICATE_METHOD_MATCH = YES;
				"CODE_SIGN_IDENTITY[sdk=iphoneos*]" = "iPhone Developer";
				COPY_PHASE_STRIP = NO;
				DEBUG_INFORMATION_FORMAT = dwarf;
				ENABLE_STRICT_OBJC_MSGSEND = YES;
				ENABLE_TESTABILITY = YES;
				GCC_C_LANGUAGE_STANDARD = gnu99;
				GCC_DYNAMIC_NO_PIC = NO;
				GCC_NO_COMMON_BLOCKS = YES;
				GCC_OPTIMIZATION_LEVEL = 0;
				GCC_PREPROCESSOR_DEFINITIONS = (
					"DEBUG=1",
					"$(inherited)",
				);
				GCC_WARN_64_TO_32_BIT_CONVERSION = YES;
				GCC_WARN_ABOUT_RETURN_TYPE = YES_ERROR;
				GCC_WARN_UNDECLARED_SELECTOR = YES;
				GCC_WARN_UNINITIALIZED_AUTOS = YES_AGGRESSIVE;
				GCC_WARN_UNUSED_FUNCTION = YES;
				GCC_WARN_UNUSED_VARIABLE = YES;
				IPHONEOS_DEPLOYMENT_TARGET = 10.2;
				MTL_ENABLE_DEBUG_INFO = YES;
				ONLY_ACTIVE_ARCH = YES;
				SDKROOT = iphoneos;
				SWIFT_ACTIVE_COMPILATION_CONDITIONS = DEBUG;
				SWIFT_OPTIMIZATION_LEVEL = "-Onone";
				TARGETED_DEVICE_FAMILY = "1,2";
			};
			name = Debug;
		};
		657EF87B1EC37D870076ECA8 /* Release */ = {
			isa = XCBuildConfiguration;
			buildSettings = {
				ALWAYS_SEARCH_USER_PATHS = NO;
				CLANG_ANALYZER_NONNULL = YES;
				CLANG_CXX_LANGUAGE_STANDARD = "gnu++0x";
				CLANG_CXX_LIBRARY = "libc++";
				CLANG_ENABLE_MODULES = YES;
				CLANG_ENABLE_OBJC_ARC = YES;
				CLANG_WARN_BOOL_CONVERSION = YES;
				CLANG_WARN_CONSTANT_CONVERSION = YES;
				CLANG_WARN_DIRECT_OBJC_ISA_USAGE = YES_ERROR;
				CLANG_WARN_DOCUMENTATION_COMMENTS = YES;
				CLANG_WARN_EMPTY_BODY = YES;
				CLANG_WARN_ENUM_CONVERSION = YES;
				CLANG_WARN_INFINITE_RECURSION = YES;
				CLANG_WARN_INT_CONVERSION = YES;
				CLANG_WARN_OBJC_ROOT_CLASS = YES_ERROR;
				CLANG_WARN_SUSPICIOUS_MOVE = YES;
				CLANG_WARN_UNREACHABLE_CODE = YES;
				CLANG_WARN__DUPLICATE_METHOD_MATCH = YES;
				"CODE_SIGN_IDENTITY[sdk=iphoneos*]" = "iPhone Developer";
				COPY_PHASE_STRIP = NO;
				DEBUG_INFORMATION_FORMAT = "dwarf-with-dsym";
				ENABLE_NS_ASSERTIONS = NO;
				ENABLE_STRICT_OBJC_MSGSEND = YES;
				GCC_C_LANGUAGE_STANDARD = gnu99;
				GCC_NO_COMMON_BLOCKS = YES;
				GCC_WARN_64_TO_32_BIT_CONVERSION = YES;
				GCC_WARN_ABOUT_RETURN_TYPE = YES_ERROR;
				GCC_WARN_UNDECLARED_SELECTOR = YES;
				GCC_WARN_UNINITIALIZED_AUTOS = YES_AGGRESSIVE;
				GCC_WARN_UNUSED_FUNCTION = YES;
				GCC_WARN_UNUSED_VARIABLE = YES;
				IPHONEOS_DEPLOYMENT_TARGET = 10.2;
				MTL_ENABLE_DEBUG_INFO = NO;
				SDKROOT = iphoneos;
				SWIFT_OPTIMIZATION_LEVEL = "-Owholemodule";
				TARGETED_DEVICE_FAMILY = "1,2";
				VALIDATE_PRODUCT = YES;
			};
			name = Release;
		};
		657EF87D1EC37D870076ECA8 /* Debug */ = {
			isa = XCBuildConfiguration;
			buildSettings = {
				ASSETCATALOG_COMPILER_APPICON_NAME = AppIcon;
				INFOPLIST_FILE = "Two-View App/Info.plist";
				LD_RUNPATH_SEARCH_PATHS = "$(inherited) @executable_path/Frameworks";
				PRODUCT_BUNDLE_IDENTIFIER = "com.pride.Two-View-App";
				PRODUCT_NAME = "$(TARGET_NAME)";
				SWIFT_VERSION = 3.0;
			};
			name = Debug;
		};
		657EF87E1EC37D870076ECA8 /* Release */ = {
			isa = XCBuildConfiguration;
			buildSettings = {
				ASSETCATALOG_COMPILER_APPICON_NAME = AppIcon;
				INFOPLIST_FILE = "Two-View App/Info.plist";
				LD_RUNPATH_SEARCH_PATHS = "$(inherited) @executable_path/Frameworks";
				PRODUCT_BUNDLE_IDENTIFIER = "com.pride.Two-View-App";
				PRODUCT_NAME = "$(TARGET_NAME)";
				SWIFT_VERSION = 3.0;
			};
			name = Release;
		};
/* End XCBuildConfiguration section */

/* Begin XCConfigurationList section */
		657EF8651EC37D860076ECA8 /* Build configuration list for PBXProject "Two-View App" */ = {
			isa = XCConfigurationList;
			buildConfigurations = (
				657EF87A1EC37D870076ECA8 /* Debug */,
				657EF87B1EC37D870076ECA8 /* Release */,
			);
			defaultConfigurationIsVisible = 0;
			defaultConfigurationName = Release;
		};
		657EF87C1EC37D870076ECA8 /* Build configuration list for PBXNativeTarget "Two-View App" */ = {
			isa = XCConfigurationList;
			buildConfigurations = (
				657EF87D1EC37D870076ECA8 /* Debug */,
				657EF87E1EC37D870076ECA8 /* Release */,
			);
			defaultConfigurationIsVisible = 0;
			defaultConfigurationName = Release;
		};
/* End XCConfigurationList section */
	};
	rootObject = 657EF8621EC37D860076ECA8 /* Project object */;
}
