// !$*UTF8*$!
{
	archiveVersion = 1;
	classes = {
	};
	objectVersion = 46;
	objects = {

/* Begin PBXBuildFile section */
		657EF8301EC257DC0076ECA8 /* AppDelegate.swift in Sources */ = {isa = PBXBuildFile; fileRef = 657EF82F1EC257DC0076ECA8 /* AppDelegate.swift */; };
		657EF8321EC257DC0076ECA8 /* ViewController.swift in Sources */ = {isa = PBXBuildFile; fileRef = 657EF8311EC257DC0076ECA8 /* ViewController.swift */; };
		657EF8351EC257DC0076ECA8 /* Main.storyboard in Resources */ = {isa = PBXBuildFile; fileRef = 657EF8331EC257DC0076ECA8 /* Main.storyboard */; };
		657EF8371EC257DC0076ECA8 /* Assets.xcassets in Resources */ = {isa = PBXBuildFile; fileRef = 657EF8361EC257DC0076ECA8 /* Assets.xcassets */; };
		657EF83A1EC257DC0076ECA8 /* LaunchScreen.storyboard in Resources */ = {isa = PBXBuildFile; fileRef = 657EF8381EC257DC0076ECA8 /* LaunchScreen.storyboard */; };
/* End PBXBuildFile section */

/* Begin PBXFileReference section */
		657EF82C1EC257DC0076ECA8 /* PickerExample.app */ = {isa = PBXFileReference; explicitFileType = wrapper.application; includeInIndex = 0; path = PickerExample.app; sourceTree = BUILT_PRODUCTS_DIR; };
		657EF82F1EC257DC0076ECA8 /* AppDelegate.swift */ = {isa = PBXFileReference; lastKnownFileType = sourcecode.swift; path = AppDelegate.swift; sourceTree = "<group>"; };
		657EF8311EC257DC0076ECA8 /* ViewController.swift */ = {isa = PBXFileReference; lastKnownFileType = sourcecode.swift; path = ViewController.swift; sourceTree = "<group>"; };
		657EF8341EC257DC0076ECA8 /* Base */ = {isa = PBXFileReference; lastKnownFileType = file.storyboard; name = Base; path = Base.lproj/Main.storyboard; sourceTree = "<group>"; };
		657EF8361EC257DC0076ECA8 /* Assets.xcassets */ = {isa = PBXFileReference; lastKnownFileType = folder.assetcatalog; path = Assets.xcassets; sourceTree = "<group>"; };
		657EF8391EC257DC0076ECA8 /* Base */ = {isa = PBXFileReference; lastKnownFileType = file.storyboard; name = Base; path = Base.lproj/LaunchScreen.storyboard; sourceTree = "<group>"; };
		657EF83B1EC257DC0076ECA8 /* Info.plist */ = {isa = PBXFileReference; lastKnownFileType = text.plist.xml; path = Info.plist; sourceTree = "<group>"; };
/* End PBXFileReference section */

/* Begin PBXFrameworksBuildPhase section */
		657EF8291EC257DC0076ECA8 /* Frameworks */ = {
			isa = PBXFrameworksBuildPhase;
			buildActionMask = 2147483647;
			files = (
			);
			runOnlyForDeploymentPostprocessing = 0;
		};
/* End PBXFrameworksBuildPhase section */

/* Begin PBXGroup section */
		657EF8231EC257DC0076ECA8 = {
			isa = PBXGroup;
			children = (
				657EF82E1EC257DC0076ECA8 /* PickerExample */,
				657EF82D1EC257DC0076ECA8 /* Products */,
			);
			sourceTree = "<group>";
		};
		657EF82D1EC257DC0076ECA8 /* Products */ = {
			isa = PBXGroup;
			children = (
				657EF82C1EC257DC0076ECA8 /* PickerExample.app */,
			);
			name = Products;
			sourceTree = "<group>";
		};
		657EF82E1EC257DC0076ECA8 /* PickerExample */ = {
			isa = PBXGroup;
			children = (
				657EF82F1EC257DC0076ECA8 /* AppDelegate.swift */,
				657EF8311EC257DC0076ECA8 /* ViewController.swift */,
				657EF8331EC257DC0076ECA8 /* Main.storyboard */,
				657EF8361EC257DC0076ECA8 /* Assets.xcassets */,
				657EF8381EC257DC0076ECA8 /* LaunchScreen.storyboard */,
				657EF83B1EC257DC0076ECA8 /* Info.plist */,
			);
			path = PickerExample;
			sourceTree = "<group>";
		};
/* End PBXGroup section */

/* Begin PBXNativeTarget section */
		657EF82B1EC257DC0076ECA8 /* PickerExample */ = {
			isa = PBXNativeTarget;
			buildConfigurationList = 657EF83E1EC257DC0076ECA8 /* Build configuration list for PBXNativeTarget "PickerExample" */;
			buildPhases = (
				657EF8281EC257DC0076ECA8 /* Sources */,
				657EF8291EC257DC0076ECA8 /* Frameworks */,
				657EF82A1EC257DC0076ECA8 /* Resources */,
			);
			buildRules = (
			);
			dependencies = (
			);
			name = PickerExample;
			productName = PickerExample;
			productReference = 657EF82C1EC257DC0076ECA8 /* PickerExample.app */;
			productType = "com.apple.product-type.application";
		};
/* End PBXNativeTarget section */

/* Begin PBXProject section */
		657EF8241EC257DC0076ECA8 /* Project object */ = {
			isa = PBXProject;
			attributes = {
				LastSwiftUpdateCheck = 0820;
				LastUpgradeCheck = 0820;
				ORGANIZATIONNAME = "Tommy Glasser";
				TargetAttributes = {
					657EF82B1EC257DC0076ECA8 = {
						CreatedOnToolsVersion = 8.2.1;
						ProvisioningStyle = Automatic;
					};
				};
			};
			buildConfigurationList = 657EF8271EC257DC0076ECA8 /* Build configuration list for PBXProject "PickerExample" */;
			compatibilityVersion = "Xcode 3.2";
			developmentRegion = English;
			hasScannedForEncodings = 0;
			knownRegions = (
				en,
				Base,
			);
			mainGroup = 657EF8231EC257DC0076ECA8;
			productRefGroup = 657EF82D1EC257DC0076ECA8 /* Products */;
			projectDirPath = "";
			projectRoot = "";
			targets = (
				657EF82B1EC257DC0076ECA8 /* PickerExample */,
			);
		};
/* End PBXProject section */

/* Begin PBXResourcesBuildPhase section */
		657EF82A1EC257DC0076ECA8 /* Resources */ = {
			isa = PBXResourcesBuildPhase;
			buildActionMask = 2147483647;
			files = (
				657EF83A1EC257DC0076ECA8 /* LaunchScreen.storyboard in Resources */,
				657EF8371EC257DC0076ECA8 /* Assets.xcassets in Resources */,
				657EF8351EC257DC0076ECA8 /* Main.storyboard in Resources */,
			);
			runOnlyForDeploymentPostprocessing = 0;
		};
/* End PBXResourcesBuildPhase section */

/* Begin PBXSourcesBuildPhase section */
		657EF8281EC257DC0076ECA8 /* Sources */ = {
			isa = PBXSourcesBuildPhase;
			buildActionMask = 2147483647;
			files = (
				657EF8321EC257DC0076ECA8 /* ViewController.swift in Sources */,
				657EF8301EC257DC0076ECA8 /* AppDelegate.swift in Sources */,
			);
			runOnlyForDeploymentPostprocessing = 0;
		};
/* End PBXSourcesBuildPhase section */

/* Begin PBXVariantGroup section */
		657EF8331EC257DC0076ECA8 /* Main.storyboard */ = {
			isa = PBXVariantGroup;
			children = (
				657EF8341EC257DC0076ECA8 /* Base */,
			);
			name = Main.storyboard;
			sourceTree = "<group>";
		};
		657EF8381EC257DC0076ECA8 /* LaunchScreen.storyboard */ = {
			isa = PBXVariantGroup;
			children = (
				657EF8391EC257DC0076ECA8 /* Base */,
			);
			name = LaunchScreen.storyboard;
			sourceTree = "<group>";
		};
/* End PBXVariantGroup section */

/* Begin XCBuildConfiguration section */
		657EF83C1EC257DC0076ECA8 /* Debug */ = {
			isa = XCBuildConfiguration;
			buildSettings = {
				ALWAYS_SEARCH_USER_PATHS = NO;
				CLANG_ANALYZER_NONNULL = YES;
				CLANG_CXX_LANGUAGE_STANDARD = "gnu++0x";
				CLANG_CXX_LIBRARY = "libc++";
				CLANG_ENABLE_MODULES = YES;
				CLANG_ENABLE_OBJC_ARC = YES;
				CLANG_WARN_BOOL_CONVERSION = YES;
				CLANG_WARN_CONSTANT_CONVERSION = YES;
				CLANG_WARN_DIRECT_OBJC_ISA_USAGE = YES_ERROR;
				CLANG_WARN_DOCUMENTATION_COMMENTS = YES;
				CLANG_WARN_EMPTY_BODY = YES;
				CLANG_WARN_ENUM_CONVERSION = YES;
				CLANG_WARN_INFINITE_RECURSION = YES;
				CLANG_WARN_INT_CONVERSION = YES;
				CLANG_WARN_OBJC_ROOT_CLASS = YES_ERROR;
				CLANG_WARN_SUSPICIOUS_MOVE = YES;
				CLANG_WARN_UNREACHABLE_CODE = YES;
				CLANG_WARN__DUPLICATE_METHOD_MATCH = YES;
				"CODE_SIGN_IDENTITY[sdk=iphoneos*]" = "iPhone Developer";
				COPY_PHASE_STRIP = NO;
				DEBUG_INFORMATION_FORMAT = dwarf;
				ENABLE_STRICT_OBJC_MSGSEND = YES;
				ENABLE_TESTABILITY = YES;
				GCC_C_LANGUAGE_STANDARD = gnu99;
				GCC_DYNAMIC_NO_PIC = NO;
				GCC_NO_COMMON_BLOCKS = YES;
				GCC_OPTIMIZATION_LEVEL = 0;
				GCC_PREPROCESSOR_DEFINITIONS = (
					"DEBUG=1",
					"$(inherited)",
				);
				GCC_WARN_64_TO_32_BIT_CONVERSION = YES;
				GCC_WARN_ABOUT_RETURN_TYPE = YES_ERROR;
				GCC_WARN_UNDECLARED_SELECTOR = YES;
				GCC_WARN_UNINITIALIZED_AUTOS = YES_AGGRESSIVE;
				GCC_WARN_UNUSED_FUNCTION = YES;
				GCC_WARN_UNUSED_VARIABLE = YES;
				IPHONEOS_DEPLOYMENT_TARGET = 10.2;
				MTL_ENABLE_DEBUG_INFO = YES;
				ONLY_ACTIVE_ARCH = YES;
				SDKROOT = iphoneos;
				SWIFT_ACTIVE_COMPILATION_CONDITIONS = DEBUG;
				SWIFT_OPTIMIZATION_LEVEL = "-Onone";
				TARGETED_DEVICE_FAMILY = "1,2";
			};
			name = Debug;
		};
		657EF83D1EC257DC0076ECA8 /* Release */ = {
			isa = XCBuildConfiguration;
			buildSettings = {
				ALWAYS_SEARCH_USER_PATHS = NO;
				CLANG_ANALYZER_NONNULL = YES;
				CLANG_CXX_LANGUAGE_STANDARD = "gnu++0x";
				CLANG_CXX_LIBRARY = "libc++";
				CLANG_ENABLE_MODULES = YES;
				CLANG_ENABLE_OBJC_ARC = YES;
				CLANG_WARN_BOOL_CONVERSION = YES;
				CLANG_WARN_CONSTANT_CONVERSION = YES;
				CLANG_WARN_DIRECT_OBJC_ISA_USAGE = YES_ERROR;
				CLANG_WARN_DOCUMENTATION_COMMENTS = YES;
				CLANG_WARN_EMPTY_BODY = YES;
				CLANG_WARN_ENUM_CONVERSION = YES;
				CLANG_WARN_INFINITE_RECURSION = YES;
				CLANG_WARN_INT_CONVERSION = YES;
				CLANG_WARN_OBJC_ROOT_CLASS = YES_ERROR;
				CLANG_WARN_SUSPICIOUS_MOVE = YES;
				CLANG_WARN_UNREACHABLE_CODE = YES;
				CLANG_WARN__DUPLICATE_METHOD_MATCH = YES;
				"CODE_SIGN_IDENTITY[sdk=iphoneos*]" = "iPhone Developer";
				COPY_PHASE_STRIP = NO;
				DEBUG_INFORMATION_FORMAT = "dwarf-with-dsym";
				ENABLE_NS_ASSERTIONS = NO;
				ENABLE_STRICT_OBJC_MSGSEND = YES;
				GCC_C_LANGUAGE_STANDARD = gnu99;
				GCC_NO_COMMON_BLOCKS = YES;
				GCC_WARN_64_TO_32_BIT_CONVERSION = YES;
				GCC_WARN_ABOUT_RETURN_TYPE = YES_ERROR;
				GCC_WARN_UNDECLARED_SELECTOR = YES;
				GCC_WARN_UNINITIALIZED_AUTOS = YES_AGGRESSIVE;
				GCC_WARN_UNUSED_FUNCTION = YES;
				GCC_WARN_UNUSED_VARIABLE = YES;
				IPHONEOS_DEPLOYMENT_TARGET = 10.2;
				MTL_ENABLE_DEBUG_INFO = NO;
				SDKROOT = iphoneos;
				SWIFT_OPTIMIZATION_LEVEL = "-Owholemodule";
				TARGETED_DEVICE_FAMILY = "1,2";
				VALIDATE_PRODUCT = YES;
			};
			name = Release;
		};
		657EF83F1EC257DC0076ECA8 /* Debug */ = {
			isa = XCBuildConfiguration;
			buildSettings = {
				ASSETCATALOG_COMPILER_APPICON_NAME = AppIcon;
				INFOPLIST_FILE = PickerExample/Info.plist;
				LD_RUNPATH_SEARCH_PATHS = "$(inherited) @executable_path/Frameworks";
				PRODUCT_BUNDLE_IDENTIFIER = com.pride.PickerExample;
				PRODUCT_NAME = "$(TARGET_NAME)";
				SWIFT_VERSION = 3.0;
			};
			name = Debug;
		};
		657EF8401EC257DC0076ECA8 /* Release */ = {
			isa = XCBuildConfiguration;
			buildSettings = {
				ASSETCATALOG_COMPILER_APPICON_NAME = AppIcon;
				INFOPLIST_FILE = PickerExample/Info.plist;
				LD_RUNPATH_SEARCH_PATHS = "$(inherited) @executable_path/Frameworks";
				PRODUCT_BUNDLE_IDENTIFIER = com.pride.PickerExample;
				PRODUCT_NAME = "$(TARGET_NAME)";
				SWIFT_VERSION = 3.0;
			};
			name = Release;
		};
/* End XCBuildConfiguration section */

/* Begin XCConfigurationList section */
		657EF8271EC257DC0076ECA8 /* Build configuration list for PBXProject "PickerExample" */ = {
			isa = XCConfigurationList;
			buildConfigurations = (
				657EF83C1EC257DC0076ECA8 /* Debug */,
				657EF83D1EC257DC0076ECA8 /* Release */,
			);
			defaultConfigurationIsVisible = 0;
			defaultConfigurationName = Release;
		};
		657EF83E1EC257DC0076ECA8 /* Build configuration list for PBXNativeTarget "PickerExample" */ = {
			isa = XCConfigurationList;
			buildConfigurations = (
				657EF83F1EC257DC0076ECA8 /* Debug */,
				657EF8401EC257DC0076ECA8 /* Release */,
			);
			defaultConfigurationIsVisible = 0;
		};
/* End XCConfigurationList section */
	};
	rootObject = 657EF8241EC257DC0076ECA8 /* Project object */;
}
